
Microsoft Visual Studio Solution File, Format Version 12.00
# Visual Studio Version 17
VisualStudioVersion = 17.9.34701.34
MinimumVisualStudioVersion = 10.0.40219.1
Project("{FAE04EC0-301F-11D3-BF4B-00C04F79EFBC}") = "WebApplication1", "WebApplication1.csproj", "{6473D16D-2698-48F7-B0B5-7DDA694356D1}"
EndProject
Global
	GlobalSection(SolutionConfigurationPlatforms) = preSolution
		Debug|Any CPU = Debug|Any CPU
		Release|Any CPU = Release|Any CPU
	EndGlobalSection
	GlobalSection(ProjectConfigurationPlatforms) = postSolution
		{6473D16D-2698-48F7-B0B5-7DDA694356D1}.Debug|Any CPU.ActiveCfg = Debug|Any CPU
		{6473D16D-2698-48F7-B0B5-7DDA694356D1}.Debug|Any CPU.Build.0 = Debug|Any CPU
		{6473D16D-2698-48F7-B0B5-7DDA694356D1}.Release|Any CPU.ActiveCfg = Release|Any CPU
		{6473D16D-2698-48F7-B0B5-7DDA694356D1}.Release|Any CPU.Build.0 = Release|Any CPU
	EndGlobalSection
	GlobalSection(SolutionProperties) = preSolution
		HideSolutionNode = FALSE
	EndGlobalSection
	GlobalSection(ExtensibilityGlobals) = postSolution
		SolutionGuid = {4EA6C481-93EB-4985-AA42-3A55E9350C06}
	EndGlobalSection
EndGlobal
